
Microsoft Visual Studio Solution File, Format Version 12.00
# Visual Studio Version 16
VisualStudioVersion = 16.0.30709.132
MinimumVisualStudioVersion = 10.0.40219.1
Project("{8BC9CEB8-8B4A-11D0-8D11-00A0C91BC942}") = "Chronite", "Chronite\Chronite.vcxproj", "{DFF93ADF-5360-45BA-B864-970B7D9C8FD6}"
EndProject
Project("{8BC9CEB8-8B4A-11D0-8D11-00A0C91BC942}") = "Cranium", "Cranium\Cranium.vcxproj", "{DAAF5B8E-D234-4154-B5EB-DF0D7A02DFC3}"
EndProject
Global
	GlobalSection(SolutionConfigurationPlatforms) = preSolution
		Prod|x64 = Prod|x64
		Prod|x86 = Prod|x86
		Release|x64 = Release|x64
		Release|x86 = Release|x86
	EndGlobalSection
	GlobalSection(ProjectConfigurationPlatforms) = postSolution
		{DFF93ADF-5360-45BA-B864-970B7D9C8FD6}.Prod|x64.ActiveCfg = Release|x64
		{DFF93ADF-5360-45BA-B864-970B7D9C8FD6}.Prod|x64.Build.0 = Release|x64
		{DFF93ADF-5360-45BA-B864-970B7D9C8FD6}.Prod|x86.ActiveCfg = Prod|Win32
		{DFF93ADF-5360-45BA-B864-970B7D9C8FD6}.Prod|x86.Build.0 = Prod|Win32
		{DFF93ADF-5360-45BA-B864-970B7D9C8FD6}.Release|x64.ActiveCfg = Release|x64
		{DFF93ADF-5360-45BA-B864-970B7D9C8FD6}.Release|x64.Build.0 = Release|x64
		{DFF93ADF-5360-45BA-B864-970B7D9C8FD6}.Release|x86.ActiveCfg = Release|Win32
		{DFF93ADF-5360-45BA-B864-970B7D9C8FD6}.Release|x86.Build.0 = Release|Win32
		{DAAF5B8E-D234-4154-B5EB-DF0D7A02DFC3}.Prod|x64.ActiveCfg = Prod|x64
		{DAAF5B8E-D234-4154-B5EB-DF0D7A02DFC3}.Prod|x64.Build.0 = Prod|x64
		{DAAF5B8E-D234-4154-B5EB-DF0D7A02DFC3}.Prod|x86.ActiveCfg = Prod|x64
		{DAAF5B8E-D234-4154-B5EB-DF0D7A02DFC3}.Release|x64.ActiveCfg = Release|x64
		{DAAF5B8E-D234-4154-B5EB-DF0D7A02DFC3}.Release|x64.Build.0 = Release|x64
		{DAAF5B8E-D234-4154-B5EB-DF0D7A02DFC3}.Release|x86.ActiveCfg = Release|x64
	EndGlobalSection
	GlobalSection(SolutionProperties) = preSolution
		HideSolutionNode = FALSE
	EndGlobalSection
	GlobalSection(ExtensibilityGlobals) = postSolution
		SolutionGuid = {F24CB1A3-E0B6-4953-96B4-2BAB2675628B}
	EndGlobalSection
EndGlobal
