<?xml version="1.0" encoding="utf-8"?>
<Project ToolsVersion="4.0" xmlns="http://schemas.microsoft.com/developer/msbuild/2003">
  <ItemGroup>
    <ClCompile Include="dllmain.cpp" />
    <ClCompile Include="pch.cpp" />
    <ClCompile Include="gui\kiero.cpp">
      <Filter>Rendering\Kiero</Filter>
    </ClCompile>
    <ClCompile Include="gui\ImGui\imgui_widgets.cpp">
      <Filter>Rendering\ImGui</Filter>
    </ClCompile>
    <ClCompile Include="gui\ImGui\imgui_impl_dx11.cpp">
      <Filter>Rendering\ImGui</Filter>
    </ClCompile>
    <ClCompile Include="gui\ImGui\imgui_draw.cpp">
      <Filter>Rendering\ImGui</Filter>
    </ClCompile>
    <ClCompile Include="gui\ImGui\imgui_impl_win32.cpp">
      <Filter>Rendering\ImGui</Filter>
    </ClCompile>
    <ClCompile Include="gui\ImGui\imgui.cpp">
      <Filter>Rendering\ImGui</Filter>
    </ClCompile>
    <ClCompile Include="veh.cpp">
      <Filter>Hooks</Filter>
    </ClCompile>
  </ItemGroup>
  <ItemGroup>
    <ClInclude Include="framework.h" />
    <ClInclude Include="pch.h" />
    <ClInclude Include="curl.h">
      <Filter>cURL</Filter>
    </ClInclude>
    <ClInclude Include="curlver.h">
      <Filter>cURL</Filter>
    </ClInclude>
    <ClInclude Include="hooks.h">
      <Filter>Hooks</Filter>
    </ClInclude>
    <ClInclude Include="curlhooks.h">
      <Filter>Hooks</Filter>
    </ClInclude>
    <ClInclude Include="veh.h">
      <Filter>Hooks</Filter>
    </ClInclude>
    <ClInclude Include="resource.h">
      <Filter>Common</Filter>
    </ClInclude>
    <ClInclude Include="enums.h">
      <Filter>Hooking Utilities</Filter>
    </ClInclude>
    <ClInclude Include="structs.h">
      <Filter>Hooking Utilities</Filter>
    </ClInclude>
    <ClInclude Include="system.h">
      <Filter>cURL</Filter>
    </ClInclude>
    <ClInclude Include="minhook\MinHook.h">
      <Filter>Hooks</Filter>
    </ClInclude>
    <ClInclude Include="util.h">
      <Filter>Hooking Utilities</Filter>
    </ClInclude>
    <ClInclude Include="url.h">
      <Filter>Hooking Utilities</Filter>
    </ClInclude>
    <ClInclude Include="detours.h">
      <Filter>Hooks</Filter>
    </ClInclude>
    <ClInclude Include="finder.h" />
    <ClInclude Include="mods.h" />
    <ClInclude Include="ue4.h" />
    <ClInclude Include="hwid.h" />
    <ClInclude Include="cryptolens\MachineCodeComputer_static.hpp">
      <Filter>Auth Library</Filter>
    </ClInclude>
    <ClInclude Include="cryptolens\MachineCodeComputer_COM.hpp">
      <Filter>Auth Library</Filter>
    </ClInclude>
    <ClInclude Include="cryptolens\MachineCodeComputer_caching.hpp">
      <Filter>Auth Library</Filter>
    </ClInclude>
    <ClInclude Include="cryptolens\LicenseKeyInformation.hpp">
      <Filter>Auth Library</Filter>
    </ClInclude>
    <ClInclude Include="cryptolens\LicenseKeyChecker.hpp">
      <Filter>Auth Library</Filter>
    </ClInclude>
    <ClInclude Include="cryptolens\LicenseKey.hpp">
      <Filter>Auth Library</Filter>
    </ClInclude>
    <ClInclude Include="cryptolens\Error.hpp">
      <Filter>Auth Library</Filter>
    </ClInclude>
    <ClInclude Include="cryptolens\DataObject.hpp">
      <Filter>Auth Library</Filter>
    </ClInclude>
    <ClInclude Include="cryptolens\Customer.hpp">
      <Filter>Auth Library</Filter>
    </ClInclude>
    <ClInclude Include="cryptolens\cryptolens_internals.hpp">
      <Filter>Auth Library</Filter>
    </ClInclude>
    <ClInclude Include="cryptolens\core.hpp">
      <Filter>Auth Library</Filter>
    </ClInclude>
    <ClInclude Include="cryptolens\Configuration_Windows.hpp">
      <Filter>Auth Library</Filter>
    </ClInclude>
    <ClInclude Include="cryptolens\Configuration_Unix.hpp">
      <Filter>Auth Library</Filter>
    </ClInclude>
    <ClInclude Include="cryptolens\basic_SKM.hpp">
      <Filter>Auth Library</Filter>
    </ClInclude>
    <ClInclude Include="cryptolens\basic_Error.hpp">
      <Filter>Auth Library</Filter>
    </ClInclude>
    <ClInclude Include="cryptolens\basic_Cryptolens.hpp">
      <Filter>Auth Library</Filter>
    </ClInclude>
    <ClInclude Include="cryptolens\base64.hpp">
      <Filter>Auth Library</Filter>
    </ClInclude>
    <ClInclude Include="cryptolens\api.hpp">
      <Filter>Auth Library</Filter>
    </ClInclude>
    <ClInclude Include="cryptolens\ActivationData.hpp">
      <Filter>Auth Library</Filter>
    </ClInclude>
    <ClInclude Include="cryptolens\ActivateError.hpp">
      <Filter>Auth Library</Filter>
    </ClInclude>
    <ClInclude Include="cryptolens\RawLicenseKey.hpp">
      <Filter>Auth Library</Filter>
    </ClInclude>
    <ClInclude Include="cryptolens\RequestHandler_v20190401_to_v20180502.hpp">
      <Filter>Auth Library</Filter>
    </ClInclude>
    <ClInclude Include="cryptolens\RequestHandler_curl.hpp">
      <Filter>Auth Library</Filter>
    </ClInclude>
    <ClInclude Include="cryptolens\RequestHandler_WinHTTP.hpp">
      <Filter>Auth Library</Filter>
    </ClInclude>
    <ClInclude Include="cryptolens\SignatureVerifier_OpenSSL.hpp">
      <Filter>Auth Library</Filter>
    </ClInclude>
    <ClInclude Include="cryptolens\ResponseParser_ArduinoJson5.hpp">
      <Filter>Auth Library</Filter>
    </ClInclude>
    <ClInclude Include="cryptolens\SignatureVerifier_CryptoAPI.hpp">
      <Filter>Auth Library</Filter>
    </ClInclude>
    <ClInclude Include="cryptolens\SignatureVerifier_v20190401_to_v20180502.hpp">
      <Filter>Auth Library</Filter>
    </ClInclude>
    <ClInclude Include="neoroyale.h" />
    <ClInclude Include="gui\kiero.h">
      <Filter>Rendering\Kiero</Filter>
    </ClInclude>
    <ClInclude Include="gui\ImGui\imstb_truetype.h">
      <Filter>Rendering\ImGui</Filter>
    </ClInclude>
    <ClInclude Include="gui\ImGui\imstb_textedit.h">
      <Filter>Rendering\ImGui</Filter>
    </ClInclude>
    <ClInclude Include="gui\ImGui\imstb_rectpack.h">
      <Filter>Rendering\ImGui</Filter>
    </ClInclude>
    <ClInclude Include="gui\ImGui\imgui_internal.h">
      <Filter>Rendering\ImGui</Filter>
    </ClInclude>
    <ClInclude Include="gui\ImGui\imgui_impl_dx11.h">
      <Filter>Rendering\ImGui</Filter>
    </ClInclude>
    <ClInclude Include="gui\ImGui\imgui.h">
      <Filter>Rendering\ImGui</Filter>
    </ClInclude>
    <ClInclude Include="gui\ImGui\imgui_impl_win32.h">
      <Filter>Rendering\ImGui</Filter>
    </ClInclude>
    <ClInclude Include="gui\ImGui\imconfig.h">
      <Filter>Rendering\ImGui</Filter>
    </ClInclude>
    <ClInclude Include="gui\gui.h">
      <Filter>Rendering</Filter>
    </ClInclude>
    <ClInclude Include="server.h">
      <Filter>Server</Filter>
    </ClInclude>
    <ClInclude Include="kismet.h" />
    <ClInclude Include="neonitelogo.h">
      <Filter>Common</Filter>
    </ClInclude>
    <ClInclude Include="player.h" />
    <ClInclude Include="console.h" />
  </ItemGroup>
  <ItemGroup>
    <Filter Include="cURL">
      <UniqueIdentifier>{43170d84-eec9-43dd-ae4f-a2922d735ee0}</UniqueIdentifier>
    </Filter>
    <Filter Include="Hooks">
      <UniqueIdentifier>{f008a523-44c7-4bd7-8cf9-3ed78a567a43}</UniqueIdentifier>
    </Filter>
    <Filter Include="Hooking Utilities">
      <UniqueIdentifier>{7d836e09-c893-463e-aac3-7ad4e0b6bacb}</UniqueIdentifier>
    </Filter>
    <Filter Include="Common">
      <UniqueIdentifier>{8c068a28-37ee-417d-8ec3-19c6bce1a944}</UniqueIdentifier>
    </Filter>
    <Filter Include="Auth Library">
      <UniqueIdentifier>{94efe90e-a46a-4235-a796-88c761ae3163}</UniqueIdentifier>
    </Filter>
    <Filter Include="Rendering">
      <UniqueIdentifier>{e9cd9fb1-3c81-4538-b50c-a588ad8fd525}</UniqueIdentifier>
    </Filter>
    <Filter Include="Rendering\Kiero">
      <UniqueIdentifier>{38af17fc-804b-4bd1-b81c-a3c994052d91}</UniqueIdentifier>
    </Filter>
    <Filter Include="Rendering\ImGui">
      <UniqueIdentifier>{4f2eb4c3-d3f2-4594-9dc9-1fad499762d7}</UniqueIdentifier>
    </Filter>
    <Filter Include="Server">
      <UniqueIdentifier>{f99337fe-0d5c-4b0b-abb5-7aef485b297f}</UniqueIdentifier>
    </Filter>
  </ItemGroup>
  <ItemGroup>
    <ResourceCompile Include="Resource.rc">
      <Filter>Common</Filter>
    </ResourceCompile>
  </ItemGroup>
  <ItemGroup>
    <Library Include="cryptolens\Cryptolens.lib">
      <Filter>Auth Library</Filter>
    </Library>
  </ItemGroup>
</Project>